
Microsoft Visual Studio Solution File, Format Version 12.00
# Visual Studio Version 16
VisualStudioVersion = 16.0.29215.179
MinimumVisualStudioVersion = 10.0.40219.1
Project("{FAE04EC0-301F-11D3-BF4B-00C04F79EFBC}") = "Aris.ServerTest", "Aris.ServerTest\Aris.ServerTest.csproj", "{BA5A6577-490F-4D5D-B3A4-AD580C052B4F}"
EndProject
Global
	GlobalSection(SolutionConfigurationPlatforms) = preSolution
		Debug|Any CPU = Debug|Any CPU
		Release|Any CPU = Release|Any CPU
	EndGlobalSection
	GlobalSection(ProjectConfigurationPlatforms) = postSolution
		{BA5A6577-490F-4D5D-B3A4-AD580C052B4F}.Debug|Any CPU.ActiveCfg = Debug|Any CPU
		{BA5A6577-490F-4D5D-B3A4-AD580C052B4F}.Debug|Any CPU.Build.0 = Debug|Any CPU
		{BA5A6577-490F-4D5D-B3A4-AD580C052B4F}.Release|Any CPU.ActiveCfg = Release|Any CPU
		{BA5A6577-490F-4D5D-B3A4-AD580C052B4F}.Release|Any CPU.Build.0 = Release|Any CPU
	EndGlobalSection
	GlobalSection(SolutionProperties) = preSolution
		HideSolutionNode = FALSE
	EndGlobalSection
	GlobalSection(ExtensibilityGlobals) = postSolution
		SolutionGuid = {F3B3858F-2888-4EC6-BB9F-B42939D7F4B1}
	EndGlobalSection
EndGlobal
